
Microsoft Visual Studio Solution File, Format Version 12.00
# Visual Studio 14
VisualStudioVersion = 14.0.25420.1
MinimumVisualStudioVersion = 10.0.40219.1
Project("{FAE04EC0-301F-11D3-BF4B-00C04F79EFBC}") = "IISLoggerWeb", "IISLoggerWeb\IISLoggerWeb.csproj", "{21BFD3C5-CCB5-4956-8C7B-A3795A8CD3A9}"
EndProject
Project("{FAE04EC0-301F-11D3-BF4B-00C04F79EFBC}") = "IISLogger", "IISLogger\IISLogger.csproj", "{DD2C6940-6A03-4019-8FF9-24B52BFD6B38}"
EndProject
Project("{FAE04EC0-301F-11D3-BF4B-00C04F79EFBC}") = "GACLister", "GACLister\GACLister.csproj", "{17C14B5B-D5D4-4A10-8138-5E48093D2FFE}"
EndProject
Project("{2150E333-8FDC-42A3-9474-1A3956D46DE8}") = "Solution Items", "Solution Items", "{A3939381-B01F-4B9C-92E3-1A1F2E3578D1}"
	ProjectSection(SolutionItems) = preProject
		readme.txt = readme.txt
	EndProjectSection
EndProject
Global
	GlobalSection(SolutionConfigurationPlatforms) = preSolution
		Debug|Any CPU = Debug|Any CPU
		Release|Any CPU = Release|Any CPU
	EndGlobalSection
	GlobalSection(ProjectConfigurationPlatforms) = postSolution
		{21BFD3C5-CCB5-4956-8C7B-A3795A8CD3A9}.Debug|Any CPU.ActiveCfg = Debug|Any CPU
		{21BFD3C5-CCB5-4956-8C7B-A3795A8CD3A9}.Debug|Any CPU.Build.0 = Debug|Any CPU
		{21BFD3C5-CCB5-4956-8C7B-A3795A8CD3A9}.Release|Any CPU.ActiveCfg = Release|Any CPU
		{21BFD3C5-CCB5-4956-8C7B-A3795A8CD3A9}.Release|Any CPU.Build.0 = Release|Any CPU
		{DD2C6940-6A03-4019-8FF9-24B52BFD6B38}.Debug|Any CPU.ActiveCfg = Debug|Any CPU
		{DD2C6940-6A03-4019-8FF9-24B52BFD6B38}.Debug|Any CPU.Build.0 = Debug|Any CPU
		{DD2C6940-6A03-4019-8FF9-24B52BFD6B38}.Release|Any CPU.ActiveCfg = Release|Any CPU
		{DD2C6940-6A03-4019-8FF9-24B52BFD6B38}.Release|Any CPU.Build.0 = Release|Any CPU
		{17C14B5B-D5D4-4A10-8138-5E48093D2FFE}.Debug|Any CPU.ActiveCfg = Debug|Any CPU
		{17C14B5B-D5D4-4A10-8138-5E48093D2FFE}.Debug|Any CPU.Build.0 = Debug|Any CPU
		{17C14B5B-D5D4-4A10-8138-5E48093D2FFE}.Release|Any CPU.ActiveCfg = Release|Any CPU
		{17C14B5B-D5D4-4A10-8138-5E48093D2FFE}.Release|Any CPU.Build.0 = Release|Any CPU
	EndGlobalSection
	GlobalSection(SolutionProperties) = preSolution
		HideSolutionNode = FALSE
	EndGlobalSection
EndGlobal
